
Microsoft Visual Studio Solution File, Format Version 12.00
# Visual Studio 2013
VisualStudioVersion = 12.0.30501.0
MinimumVisualStudioVersion = 10.0.40219.1
Project("{8BC9CEB8-8B4A-11D0-8D11-00A0C91BC942}") = "ARToolKitForKinectV2", "CalibrateKinectAndDisplay\CalibrateKinectAndDisplay.vcxproj", "{875C9354-B903-474C-8A62-78635FF8D2FF}"
EndProject
Project("{8BC9CEB8-8B4A-11D0-8D11-00A0C91BC942}") = "CalcTransformationMatBetween2Markers", "CalcTransformationMatBetween2Markers\CalcTransformationMatBetween2Markers.vcxproj", "{92A1C9A4-1068-4945-B70F-A4396F653A73}"
EndProject
Project("{8BC9CEB8-8B4A-11D0-8D11-00A0C91BC942}") = "CalcHomographyForDisplayMarker", "CalcHomographyForDisplayMarker\CalcHomographyForDisplayMarker.vcxproj", "{7F72935D-20E5-4B12-966A-9AFEDC3A62E6}"
EndProject
Global
	GlobalSection(SolutionConfigurationPlatforms) = preSolution
		Debug|Win32 = Debug|Win32
		Release|Win32 = Release|Win32
	EndGlobalSection
	GlobalSection(ProjectConfigurationPlatforms) = postSolution
		{875C9354-B903-474C-8A62-78635FF8D2FF}.Debug|Win32.ActiveCfg = Debug|Win32
		{875C9354-B903-474C-8A62-78635FF8D2FF}.Debug|Win32.Build.0 = Debug|Win32
		{875C9354-B903-474C-8A62-78635FF8D2FF}.Release|Win32.ActiveCfg = Release|Win32
		{875C9354-B903-474C-8A62-78635FF8D2FF}.Release|Win32.Build.0 = Release|Win32
		{92A1C9A4-1068-4945-B70F-A4396F653A73}.Debug|Win32.ActiveCfg = Debug|Win32
		{92A1C9A4-1068-4945-B70F-A4396F653A73}.Debug|Win32.Build.0 = Debug|Win32
		{92A1C9A4-1068-4945-B70F-A4396F653A73}.Release|Win32.ActiveCfg = Release|Win32
		{92A1C9A4-1068-4945-B70F-A4396F653A73}.Release|Win32.Build.0 = Release|Win32
		{7F72935D-20E5-4B12-966A-9AFEDC3A62E6}.Debug|Win32.ActiveCfg = Debug|Win32
		{7F72935D-20E5-4B12-966A-9AFEDC3A62E6}.Debug|Win32.Build.0 = Debug|Win32
		{7F72935D-20E5-4B12-966A-9AFEDC3A62E6}.Release|Win32.ActiveCfg = Release|Win32
		{7F72935D-20E5-4B12-966A-9AFEDC3A62E6}.Release|Win32.Build.0 = Release|Win32
	EndGlobalSection
	GlobalSection(SolutionProperties) = preSolution
		HideSolutionNode = FALSE
	EndGlobalSection
EndGlobal
